// !$*UTF8*$!
{
	archiveVersion = 1;
	classes = {
	};
	objectVersion = 50;
	objects = {

/* Begin PBXBuildFile section */
		43233C9A2598E07B00009533 /* AppDelegate.swift in Sources */ = {isa = PBXBuildFile; fileRef = 43233C992598E07B00009533 /* AppDelegate.swift */; };
		43233CA32598E07D00009533 /* Assets.xcassets in Resources */ = {isa = PBXBuildFile; fileRef = 43233CA22598E07D00009533 /* Assets.xcassets */; };
		43233CA62598E07D00009533 /* LaunchScreen.storyboard in Resources */ = {isa = PBXBuildFile; fileRef = 43233CA42598E07D00009533 /* LaunchScreen.storyboard */; };
		43233CB42598E1E200009533 /* HomeViewController.swift in Sources */ = {isa = PBXBuildFile; fileRef = 43233CB22598E1E200009533 /* HomeViewController.swift */; };
		43233CB52598E1E200009533 /* HomeViewController.xib in Resources */ = {isa = PBXBuildFile; fileRef = 43233CB32598E1E200009533 /* HomeViewController.xib */; };
		43902CA225B32B7600DBF299 /* MarketCoins.swift in Sources */ = {isa = PBXBuildFile; fileRef = 43902CA125B32B7600DBF299 /* MarketCoins.swift */; };
/* End PBXBuildFile section */

/* Begin PBXFileReference section */
		43233C962598E07B00009533 /* crypTOP.app */ = {isa = PBXFileReference; explicitFileType = wrapper.application; includeInIndex = 0; path = crypTOP.app; sourceTree = BUILT_PRODUCTS_DIR; };
		43233C992598E07B00009533 /* AppDelegate.swift */ = {isa = PBXFileReference; lastKnownFileType = sourcecode.swift; path = AppDelegate.swift; sourceTree = "<group>"; };
		43233CA22598E07D00009533 /* Assets.xcassets */ = {isa = PBXFileReference; lastKnownFileType = folder.assetcatalog; path = Assets.xcassets; sourceTree = "<group>"; };
		43233CA52598E07D00009533 /* Base */ = {isa = PBXFileReference; lastKnownFileType = file.storyboard; name = Base; path = Base.lproj/LaunchScreen.storyboard; sourceTree = "<group>"; };
		43233CA72598E07D00009533 /* Info.plist */ = {isa = PBXFileReference; lastKnownFileType = text.plist.xml; path = Info.plist; sourceTree = "<group>"; };
		43233CB22598E1E200009533 /* HomeViewController.swift */ = {isa = PBXFileReference; lastKnownFileType = sourcecode.swift; path = HomeViewController.swift; sourceTree = "<group>"; };
		43233CB32598E1E200009533 /* HomeViewController.xib */ = {isa = PBXFileReference; lastKnownFileType = file.xib; path = HomeViewController.xib; sourceTree = "<group>"; };
		43902CA125B32B7600DBF299 /* MarketCoins.swift */ = {isa = PBXFileReference; lastKnownFileType = sourcecode.swift; path = MarketCoins.swift; sourceTree = "<group>"; };
/* End PBXFileReference section */

/* Begin PBXFrameworksBuildPhase section */
		43233C932598E07B00009533 /* Frameworks */ = {
			isa = PBXFrameworksBuildPhase;
			buildActionMask = 2147483647;
			files = (
			);
			runOnlyForDeploymentPostprocessing = 0;
		};
/* End PBXFrameworksBuildPhase section */

/* Begin PBXGroup section */
		43233C8D2598E07B00009533 = {
			isa = PBXGroup;
			children = (
				43233C982598E07B00009533 /* crypTOP */,
				43233C972598E07B00009533 /* Products */,
			);
			sourceTree = "<group>";
		};
		43233C972598E07B00009533 /* Products */ = {
			isa = PBXGroup;
			children = (
				43233C962598E07B00009533 /* crypTOP.app */,
			);
			name = Products;
			sourceTree = "<group>";
		};
		43233C982598E07B00009533 /* crypTOP */ = {
			isa = PBXGroup;
			children = (
				43902CA025B32B3200DBF299 /* Models */,
				43233CB12598E1AC00009533 /* Scenes */,
				43233C992598E07B00009533 /* AppDelegate.swift */,
				43233CA22598E07D00009533 /* Assets.xcassets */,
				43233CA42598E07D00009533 /* LaunchScreen.storyboard */,
				43233CA72598E07D00009533 /* Info.plist */,
			);
			path = crypTOP;
			sourceTree = "<group>";
		};
		43233CB12598E1AC00009533 /* Scenes */ = {
			isa = PBXGroup;
			children = (
				43233CB22598E1E200009533 /* HomeViewController.swift */,
				43233CB32598E1E200009533 /* HomeViewController.xib */,
			);
			path = Scenes;
			sourceTree = "<group>";
		};
		43902CA025B32B3200DBF299 /* Models */ = {
			isa = PBXGroup;
			children = (
				43902CA125B32B7600DBF299 /* MarketCoins.swift */,
			);
			path = Models;
			sourceTree = "<group>";
		};
/* End PBXGroup section */

/* Begin PBXNativeTarget section */
		43233C952598E07B00009533 /* crypTOP */ = {
			isa = PBXNativeTarget;
			buildConfigurationList = 43233CAA2598E07D00009533 /* Build configuration list for PBXNativeTarget "crypTOP" */;
			buildPhases = (
				43233C922598E07B00009533 /* Sources */,
				43233C932598E07B00009533 /* Frameworks */,
				43233C942598E07B00009533 /* Resources */,
			);
			buildRules = (
			);
			dependencies = (
			);
			name = crypTOP;
			productName = crypTOP;
			productReference = 43233C962598E07B00009533 /* crypTOP.app */;
			productType = "com.apple.product-type.application";
		};
/* End PBXNativeTarget section */

/* Begin PBXProject section */
		43233C8E2598E07B00009533 /* Project object */ = {
			isa = PBXProject;
			attributes = {
				LastSwiftUpdateCheck = 1230;
				LastUpgradeCheck = 1230;
				TargetAttributes = {
					43233C952598E07B00009533 = {
						CreatedOnToolsVersion = 12.3;
					};
				};
			};
			buildConfigurationList = 43233C912598E07B00009533 /* Build configuration list for PBXProject "crypTOP" */;
			compatibilityVersion = "Xcode 9.3";
			developmentRegion = en;
			hasScannedForEncodings = 0;
			knownRegions = (
				en,
				Base,
			);
			mainGroup = 43233C8D2598E07B00009533;
			productRefGroup = 43233C972598E07B00009533 /* Products */;
			projectDirPath = "";
			projectRoot = "";
			targets = (
				43233C952598E07B00009533 /* crypTOP */,
			);
		};
/* End PBXProject section */

/* Begin PBXResourcesBuildPhase section */
		43233C942598E07B00009533 /* Resources */ = {
			isa = PBXResourcesBuildPhase;
			buildActionMask = 2147483647;
			files = (
				43233CA62598E07D00009533 /* LaunchScreen.storyboard in Resources */,
				43233CA32598E07D00009533 /* Assets.xcassets in Resources */,
				43233CB52598E1E200009533 /* HomeViewController.xib in Resources */,
			);
			runOnlyForDeploymentPostprocessing = 0;
		};
/* End PBXResourcesBuildPhase section */

/* Begin PBXSourcesBuildPhase section */
		43233C922598E07B00009533 /* Sources */ = {
			isa = PBXSourcesBuildPhase;
			buildActionMask = 2147483647;
			files = (
				43233C9A2598E07B00009533 /* AppDelegate.swift in Sources */,
				43902CA225B32B7600DBF299 /* MarketCoins.swift in Sources */,
				43233CB42598E1E200009533 /* HomeViewController.swift in Sources */,
			);
			runOnlyForDeploymentPostprocessing = 0;
		};
/* End PBXSourcesBuildPhase section */

/* Begin PBXVariantGroup section */
		43233CA42598E07D00009533 /* LaunchScreen.storyboard */ = {
			isa = PBXVariantGroup;
			children = (
				43233CA52598E07D00009533 /* Base */,
			);
			name = LaunchScreen.storyboard;
			sourceTree = "<group>";
		};
/* End PBXVariantGroup section */

/* Begin XCBuildConfiguration section */
		43233CA82598E07D00009533 /* Debug */ = {
			isa = XCBuildConfiguration;
			buildSettings = {
				ALWAYS_SEARCH_USER_PATHS = NO;
				CLANG_ANALYZER_NONNULL = YES;
				CLANG_ANALYZER_NUMBER_OBJECT_CONVERSION = YES_AGGRESSIVE;
				CLANG_CXX_LANGUAGE_STANDARD = "gnu++14";
				CLANG_CXX_LIBRARY = "libc++";
				CLANG_ENABLE_MODULES = YES;
				CLANG_ENABLE_OBJC_ARC = YES;
				CLANG_ENABLE_OBJC_WEAK = YES;
				CLANG_WARN_BLOCK_CAPTURE_AUTORELEASING = YES;
				CLANG_WARN_BOOL_CONVERSION = YES;
				CLANG_WARN_COMMA = YES;
				CLANG_WARN_CONSTANT_CONVERSION = YES;
				CLANG_WARN_DEPRECATED_OBJC_IMPLEMENTATIONS = YES;
				CLANG_WARN_DIRECT_OBJC_ISA_USAGE = YES_ERROR;
				CLANG_WARN_DOCUMENTATION_COMMENTS = YES;
				CLANG_WARN_EMPTY_BODY = YES;
				CLANG_WARN_ENUM_CONVERSION = YES;
				CLANG_WARN_INFINITE_RECURSION = YES;
				CLANG_WARN_INT_CONVERSION = YES;
				CLANG_WARN_NON_LITERAL_NULL_CONVERSION = YES;
				CLANG_WARN_OBJC_IMPLICIT_RETAIN_SELF = YES;
				CLANG_WARN_OBJC_LITERAL_CONVERSION = YES;
				CLANG_WARN_OBJC_ROOT_CLASS = YES_ERROR;
				CLANG_WARN_QUOTED_INCLUDE_IN_FRAMEWORK_HEADER = YES;
				CLANG_WARN_RANGE_LOOP_ANALYSIS = YES;
				CLANG_WARN_STRICT_PROTOTYPES = YES;
				CLANG_WARN_SUSPICIOUS_MOVE = YES;
				CLANG_WARN_UNGUARDED_AVAILABILITY = YES_AGGRESSIVE;
				CLANG_WARN_UNREACHABLE_CODE = YES;
				CLANG_WARN__DUPLICATE_METHOD_MATCH = YES;
				COPY_PHASE_STRIP = NO;
				DEBUG_INFORMATION_FORMAT = dwarf;
				ENABLE_STRICT_OBJC_MSGSEND = YES;
				ENABLE_TESTABILITY = YES;
				GCC_C_LANGUAGE_STANDARD = gnu11;
				GCC_DYNAMIC_NO_PIC = NO;
				GCC_NO_COMMON_BLOCKS = YES;
				GCC_OPTIMIZATION_LEVEL = 0;
				GCC_PREPROCESSOR_DEFINITIONS = (
					"DEBUG=1",
					"$(inherited)",
				);
				GCC_WARN_64_TO_32_BIT_CONVERSION = YES;
				GCC_WARN_ABOUT_RETURN_TYPE = YES_ERROR;
				GCC_WARN_UNDECLARED_SELECTOR = YES;
				GCC_WARN_UNINITIALIZED_AUTOS = YES_AGGRESSIVE;
				GCC_WARN_UNUSED_FUNCTION = YES;
				GCC_WARN_UNUSED_VARIABLE = YES;
				IPHONEOS_DEPLOYMENT_TARGET = 14.3;
				MTL_ENABLE_DEBUG_INFO = INCLUDE_SOURCE;
				MTL_FAST_MATH = YES;
				ONLY_ACTIVE_ARCH = YES;
				SDKROOT = iphoneos;
				SWIFT_ACTIVE_COMPILATION_CONDITIONS = DEBUG;
				SWIFT_OPTIMIZATION_LEVEL = "-Onone";
			};
			name = Debug;
		};
		43233CA92598E07D00009533 /* Release */ = {
			isa = XCBuildConfiguration;
			buildSettings = {
				ALWAYS_SEARCH_USER_PATHS = NO;
				CLANG_ANALYZER_NONNULL = YES;
				CLANG_ANALYZER_NUMBER_OBJECT_CONVERSION = YES_AGGRESSIVE;
				CLANG_CXX_LANGUAGE_STANDARD = "gnu++14";
				CLANG_CXX_LIBRARY = "libc++";
				CLANG_ENABLE_MODULES = YES;
				CLANG_ENABLE_OBJC_ARC = YES;
				CLANG_ENABLE_OBJC_WEAK = YES;
				CLANG_WARN_BLOCK_CAPTURE_AUTORELEASING = YES;
				CLANG_WARN_BOOL_CONVERSION = YES;
				CLANG_WARN_COMMA = YES;
				CLANG_WARN_CONSTANT_CONVERSION = YES;
				CLANG_WARN_DEPRECATED_OBJC_IMPLEMENTATIONS = YES;
				CLANG_WARN_DIRECT_OBJC_ISA_USAGE = YES_ERROR;
				CLANG_WARN_DOCUMENTATION_COMMENTS = YES;
				CLANG_WARN_EMPTY_BODY = YES;
				CLANG_WARN_ENUM_CONVERSION = YES;
				CLANG_WARN_INFINITE_RECURSION = YES;
				CLANG_WARN_INT_CONVERSION = YES;
				CLANG_WARN_NON_LITERAL_NULL_CONVERSION = YES;
				CLANG_WARN_OBJC_IMPLICIT_RETAIN_SELF = YES;
				CLANG_WARN_OBJC_LITERAL_CONVERSION = YES;
				CLANG_WARN_OBJC_ROOT_CLASS = YES_ERROR;
				CLANG_WARN_QUOTED_INCLUDE_IN_FRAMEWORK_HEADER = YES;
				CLANG_WARN_RANGE_LOOP_ANALYSIS = YES;
				CLANG_WARN_STRICT_PROTOTYPES = YES;
				CLANG_WARN_SUSPICIOUS_MOVE = YES;
				CLANG_WARN_UNGUARDED_AVAILABILITY = YES_AGGRESSIVE;
				CLANG_WARN_UNREACHABLE_CODE = YES;
				CLANG_WARN__DUPLICATE_METHOD_MATCH = YES;
				COPY_PHASE_STRIP = NO;
				DEBUG_INFORMATION_FORMAT = "dwarf-with-dsym";
				ENABLE_NS_ASSERTIONS = NO;
				ENABLE_STRICT_OBJC_MSGSEND = YES;
				GCC_C_LANGUAGE_STANDARD = gnu11;
				GCC_NO_COMMON_BLOCKS = YES;
				GCC_WARN_64_TO_32_BIT_CONVERSION = YES;
				GCC_WARN_ABOUT_RETURN_TYPE = YES_ERROR;
				GCC_WARN_UNDECLARED_SELECTOR = YES;
				GCC_WARN_UNINITIALIZED_AUTOS = YES_AGGRESSIVE;
				GCC_WARN_UNUSED_FUNCTION = YES;
				GCC_WARN_UNUSED_VARIABLE = YES;
				IPHONEOS_DEPLOYMENT_TARGET = 14.3;
				MTL_ENABLE_DEBUG_INFO = NO;
				MTL_FAST_MATH = YES;
				SDKROOT = iphoneos;
				SWIFT_COMPILATION_MODE = wholemodule;
				SWIFT_OPTIMIZATION_LEVEL = "-O";
				VALIDATE_PRODUCT = YES;
			};
			name = Release;
		};
		43233CAB2598E07D00009533 /* Debug */ = {
			isa = XCBuildConfiguration;
			buildSettings = {
				ASSETCATALOG_COMPILER_APPICON_NAME = AppIcon;
				ASSETCATALOG_COMPILER_GLOBAL_ACCENT_COLOR_NAME = AccentColor;
				CODE_SIGN_STYLE = Automatic;
				INFOPLIST_FILE = crypTOP/Info.plist;
				LD_RUNPATH_SEARCH_PATHS = (
					"$(inherited)",
					"@executable_path/Frameworks",
				);
				PRODUCT_BUNDLE_IDENTIFIER = com.esgi.crypTOP;
				PRODUCT_NAME = "$(TARGET_NAME)";
				SWIFT_VERSION = 5.0;
				TARGETED_DEVICE_FAMILY = "1,2";
			};
			name = Debug;
		};
		43233CAC2598E07D00009533 /* Release */ = {
			isa = XCBuildConfiguration;
			buildSettings = {
				ASSETCATALOG_COMPILER_APPICON_NAME = AppIcon;
				ASSETCATALOG_COMPILER_GLOBAL_ACCENT_COLOR_NAME = AccentColor;
				CODE_SIGN_STYLE = Automatic;
				INFOPLIST_FILE = crypTOP/Info.plist;
				LD_RUNPATH_SEARCH_PATHS = (
					"$(inherited)",
					"@executable_path/Frameworks",
				);
				PRODUCT_BUNDLE_IDENTIFIER = com.esgi.crypTOP;
				PRODUCT_NAME = "$(TARGET_NAME)";
				SWIFT_VERSION = 5.0;
				TARGETED_DEVICE_FAMILY = "1,2";
			};
			name = Release;
		};
/* End XCBuildConfiguration section */

/* Begin XCConfigurationList section */
		43233C912598E07B00009533 /* Build configuration list for PBXProject "crypTOP" */ = {
			isa = XCConfigurationList;
			buildConfigurations = (
				43233CA82598E07D00009533 /* Debug */,
				43233CA92598E07D00009533 /* Release */,
			);
			defaultConfigurationIsVisible = 0;
			defaultConfigurationName = Release;
		};
		43233CAA2598E07D00009533 /* Build configuration list for PBXNativeTarget "crypTOP" */ = {
			isa = XCConfigurationList;
			buildConfigurations = (
				43233CAB2598E07D00009533 /* Debug */,
				43233CAC2598E07D00009533 /* Release */,
			);
			defaultConfigurationIsVisible = 0;
			defaultConfigurationName = Release;
		};
/* End XCConfigurationList section */
	};
	rootObject = 43233C8E2598E07B00009533 /* Project object */;
}
